
Microsoft Visual Studio Solution File, Format Version 12.00
# Visual Studio Version 16
VisualStudioVersion = 16.0.28729.10
MinimumVisualStudioVersion = 10.0.40219.1
Project("{FAE04EC0-301F-11D3-BF4B-00C04F79EFBC}") = "Ci.Extension", "Ci.Extension\Ci.Extension.csproj", "{4FF838CB-AC69-4D93-B399-20E38E09EC55}"
EndProject
Project("{FAE04EC0-301F-11D3-BF4B-00C04F79EFBC}") = "Ci.Extension.Web", "Ci.Extension.Web\Ci.Extension.Web.csproj", "{9B2EC6B7-187D-4C69-96A0-5B9FE7380A1B}"
EndProject
Project("{FAE04EC0-301F-11D3-BF4B-00C04F79EFBC}") = "Ci.Extension.Mvc.ActionResult", "Ci.Extension.Mvc.ActionResult\Ci.Extension.Mvc.ActionResult.csproj", "{7ABE57F3-08F2-4AC0-901D-CE90D7C97236}"
EndProject
Project("{9A19103F-16F7-4668-BE54-9A1E7A4F7556}") = "Ci.Extension.Core", "Ci.Extension.Core\Ci.Extension.Core.csproj", "{B5486D11-DE6C-42D7-A5C3-8BCA2EA13636}"
EndProject
Project("{FAE04EC0-301F-11D3-BF4B-00C04F79EFBC}") = "Ci.Extension.EntityFramework", "Ci.Extension.EntityFramework\Ci.Extension.EntityFramework.csproj", "{955FD8C3-2F72-4155-BF48-276081867B61}"
EndProject
Project("{D954291E-2A0B-460D-934E-DC6B0785DB48}") = "Ci.Extension.ShareCode", "Ci.Extension.ShareCode\Ci.Extension.ShareCode.shproj", "{7E6795EA-BE76-4CDE-9A84-7F58F0CBE4EB}"
EndProject
Project("{9A19103F-16F7-4668-BE54-9A1E7A4F7556}") = "Ci.Extension.CoreApp", "Ci.Extension.CoreApp\Ci.Extension.CoreApp.csproj", "{F06FCEAC-F792-43F0-9170-6796663BF375}"
EndProject
Project("{9A19103F-16F7-4668-BE54-9A1E7A4F7556}") = "Ci.Extension.AspNetCore", "Ci.Extension.AspNetCore\Ci.Extension.AspNetCore.csproj", "{D0A7FEA6-1144-41CC-8591-749393B2A3F1}"
EndProject
Global
	GlobalSection(SharedMSBuildProjectFiles) = preSolution
		Ci.Extension.ShareCode\Ci.Extension.ShareCode.projitems*{4ff838cb-ac69-4d93-b399-20e38e09ec55}*SharedItemsImports = 4
		Ci.Extension.ShareCode\Ci.Extension.ShareCode.projitems*{7e6795ea-be76-4cde-9a84-7f58f0cbe4eb}*SharedItemsImports = 13
	EndGlobalSection
	GlobalSection(SolutionConfigurationPlatforms) = preSolution
		Debug|Any CPU = Debug|Any CPU
		Release|Any CPU = Release|Any CPU
	EndGlobalSection
	GlobalSection(ProjectConfigurationPlatforms) = postSolution
		{4FF838CB-AC69-4D93-B399-20E38E09EC55}.Debug|Any CPU.ActiveCfg = Debug|Any CPU
		{4FF838CB-AC69-4D93-B399-20E38E09EC55}.Debug|Any CPU.Build.0 = Debug|Any CPU
		{4FF838CB-AC69-4D93-B399-20E38E09EC55}.Release|Any CPU.ActiveCfg = Release|Any CPU
		{4FF838CB-AC69-4D93-B399-20E38E09EC55}.Release|Any CPU.Build.0 = Release|Any CPU
		{9B2EC6B7-187D-4C69-96A0-5B9FE7380A1B}.Debug|Any CPU.ActiveCfg = Debug|Any CPU
		{9B2EC6B7-187D-4C69-96A0-5B9FE7380A1B}.Debug|Any CPU.Build.0 = Debug|Any CPU
		{9B2EC6B7-187D-4C69-96A0-5B9FE7380A1B}.Release|Any CPU.ActiveCfg = Release|Any CPU
		{9B2EC6B7-187D-4C69-96A0-5B9FE7380A1B}.Release|Any CPU.Build.0 = Release|Any CPU
		{7ABE57F3-08F2-4AC0-901D-CE90D7C97236}.Debug|Any CPU.ActiveCfg = Debug|Any CPU
		{7ABE57F3-08F2-4AC0-901D-CE90D7C97236}.Debug|Any CPU.Build.0 = Debug|Any CPU
		{7ABE57F3-08F2-4AC0-901D-CE90D7C97236}.Release|Any CPU.ActiveCfg = Release|Any CPU
		{7ABE57F3-08F2-4AC0-901D-CE90D7C97236}.Release|Any CPU.Build.0 = Release|Any CPU
		{B5486D11-DE6C-42D7-A5C3-8BCA2EA13636}.Debug|Any CPU.ActiveCfg = Debug|Any CPU
		{B5486D11-DE6C-42D7-A5C3-8BCA2EA13636}.Debug|Any CPU.Build.0 = Debug|Any CPU
		{B5486D11-DE6C-42D7-A5C3-8BCA2EA13636}.Release|Any CPU.ActiveCfg = Release|Any CPU
		{B5486D11-DE6C-42D7-A5C3-8BCA2EA13636}.Release|Any CPU.Build.0 = Release|Any CPU
		{955FD8C3-2F72-4155-BF48-276081867B61}.Debug|Any CPU.ActiveCfg = Debug|Any CPU
		{955FD8C3-2F72-4155-BF48-276081867B61}.Debug|Any CPU.Build.0 = Debug|Any CPU
		{955FD8C3-2F72-4155-BF48-276081867B61}.Release|Any CPU.ActiveCfg = Release|Any CPU
		{955FD8C3-2F72-4155-BF48-276081867B61}.Release|Any CPU.Build.0 = Release|Any CPU
		{F06FCEAC-F792-43F0-9170-6796663BF375}.Debug|Any CPU.ActiveCfg = Debug|Any CPU
		{F06FCEAC-F792-43F0-9170-6796663BF375}.Debug|Any CPU.Build.0 = Debug|Any CPU
		{F06FCEAC-F792-43F0-9170-6796663BF375}.Release|Any CPU.ActiveCfg = Release|Any CPU
		{F06FCEAC-F792-43F0-9170-6796663BF375}.Release|Any CPU.Build.0 = Release|Any CPU
		{D0A7FEA6-1144-41CC-8591-749393B2A3F1}.Debug|Any CPU.ActiveCfg = Debug|Any CPU
		{D0A7FEA6-1144-41CC-8591-749393B2A3F1}.Debug|Any CPU.Build.0 = Debug|Any CPU
		{D0A7FEA6-1144-41CC-8591-749393B2A3F1}.Release|Any CPU.ActiveCfg = Release|Any CPU
		{D0A7FEA6-1144-41CC-8591-749393B2A3F1}.Release|Any CPU.Build.0 = Release|Any CPU
	EndGlobalSection
	GlobalSection(SolutionProperties) = preSolution
		HideSolutionNode = FALSE
	EndGlobalSection
	GlobalSection(ExtensibilityGlobals) = postSolution
		SolutionGuid = {E1D51D19-3B98-4A37-AAA2-9DF7B7B939D0}
	EndGlobalSection
EndGlobal
