
Microsoft Visual Studio Solution File, Format Version 12.00
# Visual Studio Version 17
VisualStudioVersion = 17.2.32519.379
MinimumVisualStudioVersion = 10.0.40219.1
Project("{9A19103F-16F7-4668-BE54-9A1E7A4F7556}") = "Ci.Extension.Core", "Ci.Extension.Core\Ci.Extension.Core.csproj", "{B5486D11-DE6C-42D7-A5C3-8BCA2EA13636}"
EndProject
Project("{9A19103F-16F7-4668-BE54-9A1E7A4F7556}") = "Ci.Extensions.Test", "Ci.Extensions.Test\Ci.Extensions.Test.csproj", "{07084094-D3C8-4B3F-82A5-A71935F492D6}"
EndProject
Project("{9A19103F-16F7-4668-BE54-9A1E7A4F7556}") = "Ci.Extension.AspNetCore", "Ci.Extension.AspNetCore\Ci.Extension.AspNetCore.csproj", "{36EC1066-4DA9-4549-8EF1-46580FE2FD8F}"
EndProject
Global
	GlobalSection(SolutionConfigurationPlatforms) = preSolution
		Debug|Any CPU = Debug|Any CPU
		Release|Any CPU = Release|Any CPU
	EndGlobalSection
	GlobalSection(ProjectConfigurationPlatforms) = postSolution
		{B5486D11-DE6C-42D7-A5C3-8BCA2EA13636}.Debug|Any CPU.ActiveCfg = Debug|Any CPU
		{B5486D11-DE6C-42D7-A5C3-8BCA2EA13636}.Debug|Any CPU.Build.0 = Debug|Any CPU
		{B5486D11-DE6C-42D7-A5C3-8BCA2EA13636}.Release|Any CPU.ActiveCfg = Release|Any CPU
		{B5486D11-DE6C-42D7-A5C3-8BCA2EA13636}.Release|Any CPU.Build.0 = Release|Any CPU
		{07084094-D3C8-4B3F-82A5-A71935F492D6}.Debug|Any CPU.ActiveCfg = Debug|Any CPU
		{07084094-D3C8-4B3F-82A5-A71935F492D6}.Debug|Any CPU.Build.0 = Debug|Any CPU
		{07084094-D3C8-4B3F-82A5-A71935F492D6}.Release|Any CPU.ActiveCfg = Release|Any CPU
		{07084094-D3C8-4B3F-82A5-A71935F492D6}.Release|Any CPU.Build.0 = Release|Any CPU
		{36EC1066-4DA9-4549-8EF1-46580FE2FD8F}.Debug|Any CPU.ActiveCfg = Debug|Any CPU
		{36EC1066-4DA9-4549-8EF1-46580FE2FD8F}.Debug|Any CPU.Build.0 = Debug|Any CPU
		{36EC1066-4DA9-4549-8EF1-46580FE2FD8F}.Release|Any CPU.ActiveCfg = Release|Any CPU
		{36EC1066-4DA9-4549-8EF1-46580FE2FD8F}.Release|Any CPU.Build.0 = Release|Any CPU
	EndGlobalSection
	GlobalSection(SolutionProperties) = preSolution
		HideSolutionNode = FALSE
	EndGlobalSection
	GlobalSection(ExtensibilityGlobals) = postSolution
		SolutionGuid = {E1D51D19-3B98-4A37-AAA2-9DF7B7B939D0}
	EndGlobalSection
EndGlobal
